
Microsoft Visual Studio Solution File, Format Version 12.00
# Visual Studio 2015
Project("{FAE04EC0-301F-11D3-BF4B-00C04F79EFBC}") = "Tile Mapper", "Tile Mapper.csproj", "{A0DE69CC-5DC9-FF6E-1874-A9427187B80B}"
EndProject
Global
	GlobalSection(SolutionConfigurationPlatforms) = preSolution
		Debug|Any CPU = Debug|Any CPU
		Release|Any CPU = Release|Any CPU
	EndGlobalSection
	GlobalSection(ProjectConfigurationPlatforms) = postSolution
		{A0DE69CC-5DC9-FF6E-1874-A9427187B80B}.Debug|Any CPU.ActiveCfg = Debug|Any CPU
		{A0DE69CC-5DC9-FF6E-1874-A9427187B80B}.Debug|Any CPU.Build.0 = Debug|Any CPU
		{A0DE69CC-5DC9-FF6E-1874-A9427187B80B}.Release|Any CPU.ActiveCfg = Release|Any CPU
		{A0DE69CC-5DC9-FF6E-1874-A9427187B80B}.Release|Any CPU.Build.0 = Release|Any CPU
	EndGlobalSection
	GlobalSection(SolutionProperties) = preSolution
		HideSolutionNode = FALSE
	EndGlobalSection
EndGlobal
